
Microsoft Visual Studio Solution File, Format Version 12.00
# Visual Studio Version 17
VisualStudioVersion = 17.5.002.0
MinimumVisualStudioVersion = 10.0.40219.1
Project("{2150E333-8FDC-42A3-9474-1A3956D46DE8}") = "c4", "c4", "{3808BAF6-0EA5-4D6D-906D-B3136ACE03FA}"
EndProject
Project("{9A19103F-16F7-4668-BE54-9A1E7A4F7556}") = "C4ConsoleApp", "c4\c4ConsoleApp\C4ConsoleApp.csproj", "{7E5D8EAB-364C-471A-B6D0-0C92C258641A}"
EndProject
Global
	GlobalSection(SolutionConfigurationPlatforms) = preSolution
		Debug|Any CPU = Debug|Any CPU
		Release|Any CPU = Release|Any CPU
	EndGlobalSection
	GlobalSection(ProjectConfigurationPlatforms) = postSolution
		{7E5D8EAB-364C-471A-B6D0-0C92C258641A}.Debug|Any CPU.ActiveCfg = Debug|Any CPU
		{7E5D8EAB-364C-471A-B6D0-0C92C258641A}.Debug|Any CPU.Build.0 = Debug|Any CPU
		{7E5D8EAB-364C-471A-B6D0-0C92C258641A}.Release|Any CPU.ActiveCfg = Release|Any CPU
		{7E5D8EAB-364C-471A-B6D0-0C92C258641A}.Release|Any CPU.Build.0 = Release|Any CPU
	EndGlobalSection
	GlobalSection(SolutionProperties) = preSolution
		HideSolutionNode = FALSE
	EndGlobalSection
	GlobalSection(NestedProjects) = preSolution
		{7E5D8EAB-364C-471A-B6D0-0C92C258641A} = {3808BAF6-0EA5-4D6D-906D-B3136ACE03FA}
	EndGlobalSection
	GlobalSection(ExtensibilityGlobals) = postSolution
		SolutionGuid = {6455104E-738C-4532-BC51-A931681345B1}
	EndGlobalSection
EndGlobal
